
Microsoft Visual Studio Solution File, Format Version 12.00
# Visual Studio 2012
Project("{FAE04EC0-301F-11D3-BF4B-00C04F79EFBC}") = "moveshapedemo", "moveshapedemo.csproj", "{D1B23EA4-8587-40B6-93EF-BBD86C47E428}"
EndProject
Global
	GlobalSection(SolutionConfigurationPlatforms) = preSolution
		Debug|Any CPU = Debug|Any CPU
		Release|Any CPU = Release|Any CPU
	EndGlobalSection
	GlobalSection(ProjectConfigurationPlatforms) = postSolution
		{D1B23EA4-8587-40B6-93EF-BBD86C47E428}.Debug|Any CPU.ActiveCfg = Debug|Any CPU
		{D1B23EA4-8587-40B6-93EF-BBD86C47E428}.Debug|Any CPU.Build.0 = Debug|Any CPU
		{D1B23EA4-8587-40B6-93EF-BBD86C47E428}.Release|Any CPU.ActiveCfg = Release|Any CPU
		{D1B23EA4-8587-40B6-93EF-BBD86C47E428}.Release|Any CPU.Build.0 = Release|Any CPU
	EndGlobalSection
	GlobalSection(SolutionProperties) = preSolution
		HideSolutionNode = FALSE
	EndGlobalSection
EndGlobal
